// !$*UTF8*$!
{
	archiveVersion = 1;
	classes = {
	};
	objectVersion = 46;
	objects = {

/* Begin PBXBuildFile section */
		16C42930E5134A4EA0CB8BAC /* libPods.a in Frameworks */ = {isa = PBXBuildFile; fileRef = 62C1263390F54B97BC22DF4E /* libPods.a */; };
		7A1DBFE618863B22003C16BF /* maleTabBar.png in Resources */ = {isa = PBXBuildFile; fileRef = 7A1DBFE518863B22003C16BF /* maleTabBar.png */; };
		7A1DBFE818863BB3003C16BF /* femaleTabBar.png in Resources */ = {isa = PBXBuildFile; fileRef = 7A1DBFE718863BB3003C16BF /* femaleTabBar.png */; };
		7A24AFFF187FD76D00C15A89 /* Parse.framework in Frameworks */ = {isa = PBXBuildFile; fileRef = 7A24AFFE187FD76D00C15A89 /* Parse.framework */; };
		7A24B0011880529600C15A89 /* AudioToolbox.framework in Frameworks */ = {isa = PBXBuildFile; fileRef = 7A24B0001880529600C15A89 /* AudioToolbox.framework */; };
		7A24B0031880529C00C15A89 /* CFNetwork.framework in Frameworks */ = {isa = PBXBuildFile; fileRef = 7A24B0021880529C00C15A89 /* CFNetwork.framework */; };
		7A24B005188052B000C15A89 /* CoreLocation.framework in Frameworks */ = {isa = PBXBuildFile; fileRef = 7A24B004188052B000C15A89 /* CoreLocation.framework */; };
		7A24B007188052BB00C15A89 /* libz.1.1.3.dylib in Frameworks */ = {isa = PBXBuildFile; fileRef = 7A24B006188052BB00C15A89 /* libz.1.1.3.dylib */; };
		7A24B009188052C200C15A89 /* MobileCoreServices.framework in Frameworks */ = {isa = PBXBuildFile; fileRef = 7A24B008188052C200C15A89 /* MobileCoreServices.framework */; };
		7A24B00B188052C900C15A89 /* QuartzCore.framework in Frameworks */ = {isa = PBXBuildFile; fileRef = 7A24B00A188052C900C15A89 /* QuartzCore.framework */; };
		7A24B00D188052D000C15A89 /* Security.framework in Frameworks */ = {isa = PBXBuildFile; fileRef = 7A24B00C188052D000C15A89 /* Security.framework */; };
		7A24B00F188052D600C15A89 /* StoreKit.framework in Frameworks */ = {isa = PBXBuildFile; fileRef = 7A24B00E188052D600C15A89 /* StoreKit.framework */; };
		7A24B011188052DF00C15A89 /* SystemConfiguration.framework in Frameworks */ = {isa = PBXBuildFile; fileRef = 7A24B010188052DF00C15A89 /* SystemConfiguration.framework */; };
		7A24B014188057EB00C15A89 /* LDHerReasonsViewController.m in Sources */ = {isa = PBXBuildFile; fileRef = 7A24B013188057EB00C15A89 /* LDHerReasonsViewController.m */; };
		7A2D41C3188372DE005507A3 /* pink+blue_background.png in Resources */ = {isa = PBXBuildFile; fileRef = 7A2D41C2188372DE005507A3 /* pink+blue_background.png */; };
		7A5A4B0D187F7C1B007AFFA3 /* Foundation.framework in Frameworks */ = {isa = PBXBuildFile; fileRef = 7A5A4B0C187F7C1B007AFFA3 /* Foundation.framework */; };
		7A5A4B0F187F7C1B007AFFA3 /* CoreGraphics.framework in Frameworks */ = {isa = PBXBuildFile; fileRef = 7A5A4B0E187F7C1B007AFFA3 /* CoreGraphics.framework */; };
		7A5A4B11187F7C1B007AFFA3 /* UIKit.framework in Frameworks */ = {isa = PBXBuildFile; fileRef = 7A5A4B10187F7C1B007AFFA3 /* UIKit.framework */; };
		7A5A4B17187F7C1B007AFFA3 /* InfoPlist.strings in Resources */ = {isa = PBXBuildFile; fileRef = 7A5A4B15187F7C1B007AFFA3 /* InfoPlist.strings */; };
		7A5A4B19187F7C1B007AFFA3 /* main.m in Sources */ = {isa = PBXBuildFile; fileRef = 7A5A4B18187F7C1B007AFFA3 /* main.m */; };
		7A5A4B1D187F7C1B007AFFA3 /* LDAppDelegate.m in Sources */ = {isa = PBXBuildFile; fileRef = 7A5A4B1C187F7C1B007AFFA3 /* LDAppDelegate.m */; };
		7A5A4B20187F7C1B007AFFA3 /* Main.storyboard in Resources */ = {isa = PBXBuildFile; fileRef = 7A5A4B1E187F7C1B007AFFA3 /* Main.storyboard */; };
		7A5A4B25187F7C1B007AFFA3 /* Images.xcassets in Resources */ = {isa = PBXBuildFile; fileRef = 7A5A4B24187F7C1B007AFFA3 /* Images.xcassets */; };
		7A5A4B2C187F7C1B007AFFA3 /* XCTest.framework in Frameworks */ = {isa = PBXBuildFile; fileRef = 7A5A4B2B187F7C1B007AFFA3 /* XCTest.framework */; };
		7A5A4B2D187F7C1B007AFFA3 /* Foundation.framework in Frameworks */ = {isa = PBXBuildFile; fileRef = 7A5A4B0C187F7C1B007AFFA3 /* Foundation.framework */; };
		7A5A4B2E187F7C1B007AFFA3 /* UIKit.framework in Frameworks */ = {isa = PBXBuildFile; fileRef = 7A5A4B10187F7C1B007AFFA3 /* UIKit.framework */; };
		7A5A4B36187F7C1B007AFFA3 /* InfoPlist.strings in Resources */ = {isa = PBXBuildFile; fileRef = 7A5A4B34187F7C1B007AFFA3 /* InfoPlist.strings */; };
		7A5A4B38187F7C1B007AFFA3 /* Looking_DownTests.m in Sources */ = {isa = PBXBuildFile; fileRef = 7A5A4B37187F7C1B007AFFA3 /* Looking_DownTests.m */; };
		7A5A4B44187FAF4D007AFFA3 /* LDHisReasonsViewController.m in Sources */ = {isa = PBXBuildFile; fileRef = 7A5A4B43187FAF4D007AFFA3 /* LDHisReasonsViewController.m */; };
		7A6EAEA0188780B800B14814 /* titleBar.png in Resources */ = {isa = PBXBuildFile; fileRef = 7A6EAE9F188780B800B14814 /* titleBar.png */; };
		7A6EAEA31887810800B14814 /* LDUtility.m in Sources */ = {isa = PBXBuildFile; fileRef = 7A6EAEA21887810800B14814 /* LDUtility.m */; };
		7AD0821B18808198000AFC00 /* LDNewReasonViewController.m in Sources */ = {isa = PBXBuildFile; fileRef = 7AD0821A18808198000AFC00 /* LDNewReasonViewController.m */; };
		7AD0822118830DF6000AFC00 /* Cell.m in Sources */ = {isa = PBXBuildFile; fileRef = 7AD0821D18830DF6000AFC00 /* Cell.m */; };
		7AD0822218830DF6000AFC00 /* ExpandingCell.xib in Resources */ = {isa = PBXBuildFile; fileRef = 7AD0821E18830DF6000AFC00 /* ExpandingCell.xib */; };
/* End PBXBuildFile section */

/* Begin PBXContainerItemProxy section */
		7A5A4B2F187F7C1B007AFFA3 /* PBXContainerItemProxy */ = {
			isa = PBXContainerItemProxy;
			containerPortal = 7A5A4B01187F7C1B007AFFA3 /* Project object */;
			proxyType = 1;
			remoteGlobalIDString = 7A5A4B08187F7C1B007AFFA3;
			remoteInfo = "Looking Down";
		};
/* End PBXContainerItemProxy section */

/* Begin PBXFileReference section */
		15B74E91F3B44207A4D1CC97 /* Pods.xcconfig */ = {isa = PBXFileReference; includeInIndex = 1; lastKnownFileType = text.xcconfig; name = Pods.xcconfig; path = Pods/Pods.xcconfig; sourceTree = "<group>"; };
		62C1263390F54B97BC22DF4E /* libPods.a */ = {isa = PBXFileReference; explicitFileType = archive.ar; includeInIndex = 0; path = libPods.a; sourceTree = BUILT_PRODUCTS_DIR; };
		7A1DBFE518863B22003C16BF /* maleTabBar.png */ = {isa = PBXFileReference; lastKnownFileType = image.png; path = maleTabBar.png; sourceTree = "<group>"; };
		7A1DBFE718863BB3003C16BF /* femaleTabBar.png */ = {isa = PBXFileReference; lastKnownFileType = image.png; path = femaleTabBar.png; sourceTree = "<group>"; };
		7A24AFFE187FD76D00C15A89 /* Parse.framework */ = {isa = PBXFileReference; lastKnownFileType = wrapper.framework; path = Parse.framework; sourceTree = "<group>"; };
		7A24B0001880529600C15A89 /* AudioToolbox.framework */ = {isa = PBXFileReference; lastKnownFileType = wrapper.framework; name = AudioToolbox.framework; path = System/Library/Frameworks/AudioToolbox.framework; sourceTree = SDKROOT; };
		7A24B0021880529C00C15A89 /* CFNetwork.framework */ = {isa = PBXFileReference; lastKnownFileType = wrapper.framework; name = CFNetwork.framework; path = System/Library/Frameworks/CFNetwork.framework; sourceTree = SDKROOT; };
		7A24B004188052B000C15A89 /* CoreLocation.framework */ = {isa = PBXFileReference; lastKnownFileType = wrapper.framework; name = CoreLocation.framework; path = System/Library/Frameworks/CoreLocation.framework; sourceTree = SDKROOT; };
		7A24B006188052BB00C15A89 /* libz.1.1.3.dylib */ = {isa = PBXFileReference; lastKnownFileType = "compiled.mach-o.dylib"; name = libz.1.1.3.dylib; path = usr/lib/libz.1.1.3.dylib; sourceTree = SDKROOT; };
		7A24B008188052C200C15A89 /* MobileCoreServices.framework */ = {isa = PBXFileReference; lastKnownFileType = wrapper.framework; name = MobileCoreServices.framework; path = System/Library/Frameworks/MobileCoreServices.framework; sourceTree = SDKROOT; };
		7A24B00A188052C900C15A89 /* QuartzCore.framework */ = {isa = PBXFileReference; lastKnownFileType = wrapper.framework; name = QuartzCore.framework; path = System/Library/Frameworks/QuartzCore.framework; sourceTree = SDKROOT; };
		7A24B00C188052D000C15A89 /* Security.framework */ = {isa = PBXFileReference; lastKnownFileType = wrapper.framework; name = Security.framework; path = System/Library/Frameworks/Security.framework; sourceTree = SDKROOT; };
		7A24B00E188052D600C15A89 /* StoreKit.framework */ = {isa = PBXFileReference; lastKnownFileType = wrapper.framework; name = StoreKit.framework; path = System/Library/Frameworks/StoreKit.framework; sourceTree = SDKROOT; };
		7A24B010188052DF00C15A89 /* SystemConfiguration.framework */ = {isa = PBXFileReference; lastKnownFileType = wrapper.framework; name = SystemConfiguration.framework; path = System/Library/Frameworks/SystemConfiguration.framework; sourceTree = SDKROOT; };
		7A24B012188057EB00C15A89 /* LDHerReasonsViewController.h */ = {isa = PBXFileReference; fileEncoding = 4; lastKnownFileType = sourcecode.c.h; path = LDHerReasonsViewController.h; sourceTree = "<group>"; };
		7A24B013188057EB00C15A89 /* LDHerReasonsViewController.m */ = {isa = PBXFileReference; fileEncoding = 4; lastKnownFileType = sourcecode.c.objc; path = LDHerReasonsViewController.m; sourceTree = "<group>"; };
		7A2D41C2188372DE005507A3 /* pink+blue_background.png */ = {isa = PBXFileReference; lastKnownFileType = image.png; path = "pink+blue_background.png"; sourceTree = "<group>"; };
		7A5A4B09187F7C1B007AFFA3 /* Looking Down.app */ = {isa = PBXFileReference; explicitFileType = wrapper.application; includeInIndex = 0; path = "Looking Down.app"; sourceTree = BUILT_PRODUCTS_DIR; };
		7A5A4B0C187F7C1B007AFFA3 /* Foundation.framework */ = {isa = PBXFileReference; lastKnownFileType = wrapper.framework; name = Foundation.framework; path = System/Library/Frameworks/Foundation.framework; sourceTree = SDKROOT; };
		7A5A4B0E187F7C1B007AFFA3 /* CoreGraphics.framework */ = {isa = PBXFileReference; lastKnownFileType = wrapper.framework; name = CoreGraphics.framework; path = System/Library/Frameworks/CoreGraphics.framework; sourceTree = SDKROOT; };
		7A5A4B10187F7C1B007AFFA3 /* UIKit.framework */ = {isa = PBXFileReference; lastKnownFileType = wrapper.framework; name = UIKit.framework; path = System/Library/Frameworks/UIKit.framework; sourceTree = SDKROOT; };
		7A5A4B14187F7C1B007AFFA3 /* Looking Down-Info.plist */ = {isa = PBXFileReference; lastKnownFileType = text.plist.xml; path = "Looking Down-Info.plist"; sourceTree = "<group>"; };
		7A5A4B16187F7C1B007AFFA3 /* en */ = {isa = PBXFileReference; lastKnownFileType = text.plist.strings; name = en; path = en.lproj/InfoPlist.strings; sourceTree = "<group>"; };
		7A5A4B18187F7C1B007AFFA3 /* main.m */ = {isa = PBXFileReference; lastKnownFileType = sourcecode.c.objc; path = main.m; sourceTree = "<group>"; };
		7A5A4B1A187F7C1B007AFFA3 /* Looking Down-Prefix.pch */ = {isa = PBXFileReference; lastKnownFileType = sourcecode.c.h; path = "Looking Down-Prefix.pch"; sourceTree = "<group>"; };
		7A5A4B1B187F7C1B007AFFA3 /* LDAppDelegate.h */ = {isa = PBXFileReference; lastKnownFileType = sourcecode.c.h; path = LDAppDelegate.h; sourceTree = "<group>"; };
		7A5A4B1C187F7C1B007AFFA3 /* LDAppDelegate.m */ = {isa = PBXFileReference; lastKnownFileType = sourcecode.c.objc; path = LDAppDelegate.m; sourceTree = "<group>"; };
		7A5A4B1F187F7C1B007AFFA3 /* Base */ = {isa = PBXFileReference; lastKnownFileType = file.storyboard; name = Base; path = Base.lproj/Main.storyboard; sourceTree = "<group>"; };
		7A5A4B24187F7C1B007AFFA3 /* Images.xcassets */ = {isa = PBXFileReference; lastKnownFileType = folder.assetcatalog; path = Images.xcassets; sourceTree = "<group>"; };
		7A5A4B2A187F7C1B007AFFA3 /* Looking DownTests.xctest */ = {isa = PBXFileReference; explicitFileType = wrapper.cfbundle; includeInIndex = 0; path = "Looking DownTests.xctest"; sourceTree = BUILT_PRODUCTS_DIR; };
		7A5A4B2B187F7C1B007AFFA3 /* XCTest.framework */ = {isa = PBXFileReference; lastKnownFileType = wrapper.framework; name = XCTest.framework; path = Library/Frameworks/XCTest.framework; sourceTree = DEVELOPER_DIR; };
		7A5A4B33187F7C1B007AFFA3 /* Looking DownTests-Info.plist */ = {isa = PBXFileReference; lastKnownFileType = text.plist.xml; path = "Looking DownTests-Info.plist"; sourceTree = "<group>"; };
		7A5A4B35187F7C1B007AFFA3 /* en */ = {isa = PBXFileReference; lastKnownFileType = text.plist.strings; name = en; path = en.lproj/InfoPlist.strings; sourceTree = "<group>"; };
		7A5A4B37187F7C1B007AFFA3 /* Looking_DownTests.m */ = {isa = PBXFileReference; lastKnownFileType = sourcecode.c.objc; path = Looking_DownTests.m; sourceTree = "<group>"; };
		7A5A4B42187FAF4D007AFFA3 /* LDHisReasonsViewController.h */ = {isa = PBXFileReference; fileEncoding = 4; lastKnownFileType = sourcecode.c.h; path = LDHisReasonsViewController.h; sourceTree = "<group>"; };
		7A5A4B43187FAF4D007AFFA3 /* LDHisReasonsViewController.m */ = {isa = PBXFileReference; fileEncoding = 4; lastKnownFileType = sourcecode.c.objc; path = LDHisReasonsViewController.m; sourceTree = "<group>"; };
		7A6EAE9F188780B800B14814 /* titleBar.png */ = {isa = PBXFileReference; lastKnownFileType = image.png; path = titleBar.png; sourceTree = "<group>"; };
		7A6EAEA11887810800B14814 /* LDUtility.h */ = {isa = PBXFileReference; fileEncoding = 4; lastKnownFileType = sourcecode.c.h; path = LDUtility.h; sourceTree = "<group>"; };
		7A6EAEA21887810800B14814 /* LDUtility.m */ = {isa = PBXFileReference; fileEncoding = 4; lastKnownFileType = sourcecode.c.objc; path = LDUtility.m; sourceTree = "<group>"; };
		7AD0821918808198000AFC00 /* LDNewReasonViewController.h */ = {isa = PBXFileReference; fileEncoding = 4; lastKnownFileType = sourcecode.c.h; path = LDNewReasonViewController.h; sourceTree = "<group>"; };
		7AD0821A18808198000AFC00 /* LDNewReasonViewController.m */ = {isa = PBXFileReference; fileEncoding = 4; lastKnownFileType = sourcecode.c.objc; path = LDNewReasonViewController.m; sourceTree = "<group>"; };
		7AD0821C18830DF6000AFC00 /* Cell.h */ = {isa = PBXFileReference; fileEncoding = 4; lastKnownFileType = sourcecode.c.h; path = Cell.h; sourceTree = "<group>"; };
		7AD0821D18830DF6000AFC00 /* Cell.m */ = {isa = PBXFileReference; fileEncoding = 4; lastKnownFileType = sourcecode.c.objc; path = Cell.m; sourceTree = "<group>"; };
		7AD0821E18830DF6000AFC00 /* ExpandingCell.xib */ = {isa = PBXFileReference; fileEncoding = 4; lastKnownFileType = file.xib; path = ExpandingCell.xib; sourceTree = "<group>"; };
/* End PBXFileReference section */

/* Begin PBXFrameworksBuildPhase section */
		7A5A4B06187F7C1B007AFFA3 /* Frameworks */ = {
			isa = PBXFrameworksBuildPhase;
			buildActionMask = 2147483647;
			files = (
				7A24B011188052DF00C15A89 /* SystemConfiguration.framework in Frameworks */,
				7A24B00F188052D600C15A89 /* StoreKit.framework in Frameworks */,
				7A24B00D188052D000C15A89 /* Security.framework in Frameworks */,
				7A24B00B188052C900C15A89 /* QuartzCore.framework in Frameworks */,
				7A24B009188052C200C15A89 /* MobileCoreServices.framework in Frameworks */,
				7A24B007188052BB00C15A89 /* libz.1.1.3.dylib in Frameworks */,
				7A24B005188052B000C15A89 /* CoreLocation.framework in Frameworks */,
				7A24B0031880529C00C15A89 /* CFNetwork.framework in Frameworks */,
				7A24B0011880529600C15A89 /* AudioToolbox.framework in Frameworks */,
				7A5A4B0F187F7C1B007AFFA3 /* CoreGraphics.framework in Frameworks */,
				7A5A4B11187F7C1B007AFFA3 /* UIKit.framework in Frameworks */,
				7A24AFFF187FD76D00C15A89 /* Parse.framework in Frameworks */,
				7A5A4B0D187F7C1B007AFFA3 /* Foundation.framework in Frameworks */,
				16C42930E5134A4EA0CB8BAC /* libPods.a in Frameworks */,
			);
			runOnlyForDeploymentPostprocessing = 0;
		};
		7A5A4B27187F7C1B007AFFA3 /* Frameworks */ = {
			isa = PBXFrameworksBuildPhase;
			buildActionMask = 2147483647;
			files = (
				7A5A4B2C187F7C1B007AFFA3 /* XCTest.framework in Frameworks */,
				7A5A4B2E187F7C1B007AFFA3 /* UIKit.framework in Frameworks */,
				7A5A4B2D187F7C1B007AFFA3 /* Foundation.framework in Frameworks */,
			);
			runOnlyForDeploymentPostprocessing = 0;
		};
/* End PBXFrameworksBuildPhase section */

/* Begin PBXGroup section */
		7A19476A1883286400DE5DD8 /* View Controllers */ = {
			isa = PBXGroup;
			children = (
				7A5A4B42187FAF4D007AFFA3 /* LDHisReasonsViewController.h */,
				7A5A4B43187FAF4D007AFFA3 /* LDHisReasonsViewController.m */,
				7A24B012188057EB00C15A89 /* LDHerReasonsViewController.h */,
				7A24B013188057EB00C15A89 /* LDHerReasonsViewController.m */,
				7AD0821918808198000AFC00 /* LDNewReasonViewController.h */,
				7AD0821A18808198000AFC00 /* LDNewReasonViewController.m */,
			);
			name = "View Controllers";
			sourceTree = "<group>";
		};
		7A5A4B00187F7C1B007AFFA3 = {
			isa = PBXGroup;
			children = (
				7A5A4B12187F7C1B007AFFA3 /* Looking Down */,
				7A5A4B31187F7C1B007AFFA3 /* Looking DownTests */,
				7A5A4B0B187F7C1B007AFFA3 /* Frameworks */,
				7A5A4B0A187F7C1B007AFFA3 /* Products */,
				15B74E91F3B44207A4D1CC97 /* Pods.xcconfig */,
			);
			sourceTree = "<group>";
		};
		7A5A4B0A187F7C1B007AFFA3 /* Products */ = {
			isa = PBXGroup;
			children = (
				7A5A4B09187F7C1B007AFFA3 /* Looking Down.app */,
				7A5A4B2A187F7C1B007AFFA3 /* Looking DownTests.xctest */,
			);
			name = Products;
			sourceTree = "<group>";
		};
		7A5A4B0B187F7C1B007AFFA3 /* Frameworks */ = {
			isa = PBXGroup;
			children = (
				7A24B010188052DF00C15A89 /* SystemConfiguration.framework */,
				7A24B00E188052D600C15A89 /* StoreKit.framework */,
				7A24B00C188052D000C15A89 /* Security.framework */,
				7A24B00A188052C900C15A89 /* QuartzCore.framework */,
				7A24B008188052C200C15A89 /* MobileCoreServices.framework */,
				7A24B006188052BB00C15A89 /* libz.1.1.3.dylib */,
				7A24B004188052B000C15A89 /* CoreLocation.framework */,
				7A24B0021880529C00C15A89 /* CFNetwork.framework */,
				7A24B0001880529600C15A89 /* AudioToolbox.framework */,
				7A24AFFE187FD76D00C15A89 /* Parse.framework */,
				7A5A4B0C187F7C1B007AFFA3 /* Foundation.framework */,
				7A5A4B0E187F7C1B007AFFA3 /* CoreGraphics.framework */,
				7A5A4B10187F7C1B007AFFA3 /* UIKit.framework */,
				7A5A4B2B187F7C1B007AFFA3 /* XCTest.framework */,
				62C1263390F54B97BC22DF4E /* libPods.a */,
			);
			name = Frameworks;
			sourceTree = "<group>";
		};
		7A5A4B12187F7C1B007AFFA3 /* Looking Down */ = {
			isa = PBXGroup;
			children = (
				7AD0822418830E01000AFC00 /* Expanding Cell */,
				7A19476A1883286400DE5DD8 /* View Controllers */,
				7A5A4B45187FAFA9007AFFA3 /* Utility */,
				7A5A4B1B187F7C1B007AFFA3 /* LDAppDelegate.h */,
				7A5A4B1C187F7C1B007AFFA3 /* LDAppDelegate.m */,
				7A5A4B1E187F7C1B007AFFA3 /* Main.storyboard */,
				7A5A4B24187F7C1B007AFFA3 /* Images.xcassets */,
				7A5A4B13187F7C1B007AFFA3 /* Supporting Files */,
			);
			path = "Looking Down";
			sourceTree = "<group>";
		};
		7A5A4B13187F7C1B007AFFA3 /* Supporting Files */ = {
			isa = PBXGroup;
			children = (
				7A6EAE9F188780B800B14814 /* titleBar.png */,
				7A1DBFE718863BB3003C16BF /* femaleTabBar.png */,
				7A1DBFE518863B22003C16BF /* maleTabBar.png */,
				7A2D41C2188372DE005507A3 /* pink+blue_background.png */,
				7A5A4B14187F7C1B007AFFA3 /* Looking Down-Info.plist */,
				7A5A4B15187F7C1B007AFFA3 /* InfoPlist.strings */,
				7A5A4B18187F7C1B007AFFA3 /* main.m */,
				7A5A4B1A187F7C1B007AFFA3 /* Looking Down-Prefix.pch */,
			);
			name = "Supporting Files";
			sourceTree = "<group>";
		};
		7A5A4B31187F7C1B007AFFA3 /* Looking DownTests */ = {
			isa = PBXGroup;
			children = (
				7A5A4B37187F7C1B007AFFA3 /* Looking_DownTests.m */,
				7A5A4B32187F7C1B007AFFA3 /* Supporting Files */,
			);
			path = "Looking DownTests";
			sourceTree = "<group>";
		};
		7A5A4B32187F7C1B007AFFA3 /* Supporting Files */ = {
			isa = PBXGroup;
			children = (
				7A5A4B33187F7C1B007AFFA3 /* Looking DownTests-Info.plist */,
				7A5A4B34187F7C1B007AFFA3 /* InfoPlist.strings */,
			);
			name = "Supporting Files";
			sourceTree = "<group>";
		};
		7A5A4B45187FAFA9007AFFA3 /* Utility */ = {
			isa = PBXGroup;
			children = (
				7A6EAEA11887810800B14814 /* LDUtility.h */,
				7A6EAEA21887810800B14814 /* LDUtility.m */,
			);
			name = Utility;
			sourceTree = "<group>";
		};
		7AD0822418830E01000AFC00 /* Expanding Cell */ = {
			isa = PBXGroup;
			children = (
				7AD0821C18830DF6000AFC00 /* Cell.h */,
				7AD0821D18830DF6000AFC00 /* Cell.m */,
				7AD0821E18830DF6000AFC00 /* ExpandingCell.xib */,
			);
			name = "Expanding Cell";
			sourceTree = "<group>";
		};
/* End PBXGroup section */

/* Begin PBXNativeTarget section */
		7A5A4B08187F7C1B007AFFA3 /* Looking Down */ = {
			isa = PBXNativeTarget;
			buildConfigurationList = 7A5A4B3B187F7C1B007AFFA3 /* Build configuration list for PBXNativeTarget "Looking Down" */;
			buildPhases = (
				58091291862843758BF6DAAF /* Check Pods Manifest.lock */,
				7A5A4B05187F7C1B007AFFA3 /* Sources */,
				7A5A4B06187F7C1B007AFFA3 /* Frameworks */,
				7A5A4B07187F7C1B007AFFA3 /* Resources */,
				D816D2C2DB5D4F4E9461367A /* Copy Pods Resources */,
			);
			buildRules = (
			);
			dependencies = (
			);
			name = "Looking Down";
			productName = "Looking Down";
			productReference = 7A5A4B09187F7C1B007AFFA3 /* Looking Down.app */;
			productType = "com.apple.product-type.application";
		};
		7A5A4B29187F7C1B007AFFA3 /* Looking DownTests */ = {
			isa = PBXNativeTarget;
			buildConfigurationList = 7A5A4B3E187F7C1B007AFFA3 /* Build configuration list for PBXNativeTarget "Looking DownTests" */;
			buildPhases = (
				7A5A4B26187F7C1B007AFFA3 /* Sources */,
				7A5A4B27187F7C1B007AFFA3 /* Frameworks */,
				7A5A4B28187F7C1B007AFFA3 /* Resources */,
			);
			buildRules = (
			);
			dependencies = (
				7A5A4B30187F7C1B007AFFA3 /* PBXTargetDependency */,
			);
			name = "Looking DownTests";
			productName = "Looking DownTests";
			productReference = 7A5A4B2A187F7C1B007AFFA3 /* Looking DownTests.xctest */;
			productType = "com.apple.product-type.bundle.unit-test";
		};
/* End PBXNativeTarget section */

/* Begin PBXProject section */
		7A5A4B01187F7C1B007AFFA3 /* Project object */ = {
			isa = PBXProject;
			attributes = {
				CLASSPREFIX = LD;
				LastUpgradeCheck = 0500;
				ORGANIZATIONNAME = "Lost in Flight Studios";
				TargetAttributes = {
					7A5A4B08187F7C1B007AFFA3 = {
						DevelopmentTeam = 4KG26Y879R;
					};
					7A5A4B29187F7C1B007AFFA3 = {
						TestTargetID = 7A5A4B08187F7C1B007AFFA3;
					};
				};
			};
			buildConfigurationList = 7A5A4B04187F7C1B007AFFA3 /* Build configuration list for PBXProject "Looking Down" */;
			compatibilityVersion = "Xcode 3.2";
			developmentRegion = English;
			hasScannedForEncodings = 0;
			knownRegions = (
				en,
				Base,
			);
			mainGroup = 7A5A4B00187F7C1B007AFFA3;
			productRefGroup = 7A5A4B0A187F7C1B007AFFA3 /* Products */;
			projectDirPath = "";
			projectRoot = "";
			targets = (
				7A5A4B08187F7C1B007AFFA3 /* Looking Down */,
				7A5A4B29187F7C1B007AFFA3 /* Looking DownTests */,
			);
		};
/* End PBXProject section */

/* Begin PBXResourcesBuildPhase section */
		7A5A4B07187F7C1B007AFFA3 /* Resources */ = {
			isa = PBXResourcesBuildPhase;
			buildActionMask = 2147483647;
			files = (
				7AD0822218830DF6000AFC00 /* ExpandingCell.xib in Resources */,
				7A5A4B25187F7C1B007AFFA3 /* Images.xcassets in Resources */,
				7A1DBFE818863BB3003C16BF /* femaleTabBar.png in Resources */,
				7A1DBFE618863B22003C16BF /* maleTabBar.png in Resources */,
				7A5A4B17187F7C1B007AFFA3 /* InfoPlist.strings in Resources */,
				7A2D41C3188372DE005507A3 /* pink+blue_background.png in Resources */,
				7A6EAEA0188780B800B14814 /* titleBar.png in Resources */,
				7A5A4B20187F7C1B007AFFA3 /* Main.storyboard in Resources */,
			);
			runOnlyForDeploymentPostprocessing = 0;
		};
		7A5A4B28187F7C1B007AFFA3 /* Resources */ = {
			isa = PBXResourcesBuildPhase;
			buildActionMask = 2147483647;
			files = (
				7A5A4B36187F7C1B007AFFA3 /* InfoPlist.strings in Resources */,
			);
			runOnlyForDeploymentPostprocessing = 0;
		};
/* End PBXResourcesBuildPhase section */

/* Begin PBXShellScriptBuildPhase section */
		58091291862843758BF6DAAF /* Check Pods Manifest.lock */ = {
			isa = PBXShellScriptBuildPhase;
			buildActionMask = 2147483647;
			files = (
			);
			inputPaths = (
			);
			name = "Check Pods Manifest.lock";
			outputPaths = (
			);
			runOnlyForDeploymentPostprocessing = 0;
			shellPath = /bin/sh;
			shellScript = "diff \"${PODS_ROOT}/../Podfile.lock\" \"${PODS_ROOT}/Manifest.lock\" > /dev/null\nif [[ $? != 0 ]] ; then\n    cat << EOM\nerror: The sandbox is not in sync with the Podfile.lock. Run 'pod install' or update your CocoaPods installation.\nEOM\n    exit 1\nfi\n";
			showEnvVarsInLog = 0;
		};
		D816D2C2DB5D4F4E9461367A /* Copy Pods Resources */ = {
			isa = PBXShellScriptBuildPhase;
			buildActionMask = 2147483647;
			files = (
			);
			inputPaths = (
			);
			name = "Copy Pods Resources";
			outputPaths = (
			);
			runOnlyForDeploymentPostprocessing = 0;
			shellPath = /bin/sh;
			shellScript = "\"${SRCROOT}/Pods/Pods-resources.sh\"\n";
			showEnvVarsInLog = 0;
		};
/* End PBXShellScriptBuildPhase section */

/* Begin PBXSourcesBuildPhase section */
		7A5A4B05187F7C1B007AFFA3 /* Sources */ = {
			isa = PBXSourcesBuildPhase;
			buildActionMask = 2147483647;
			files = (
				7A5A4B1D187F7C1B007AFFA3 /* LDAppDelegate.m in Sources */,
				7A6EAEA31887810800B14814 /* LDUtility.m in Sources */,
				7A24B014188057EB00C15A89 /* LDHerReasonsViewController.m in Sources */,
				7A5A4B44187FAF4D007AFFA3 /* LDHisReasonsViewController.m in Sources */,
				7AD0821B18808198000AFC00 /* LDNewReasonViewController.m in Sources */,
				7A5A4B19187F7C1B007AFFA3 /* main.m in Sources */,
				7AD0822118830DF6000AFC00 /* Cell.m in Sources */,
			);
			runOnlyForDeploymentPostprocessing = 0;
		};
		7A5A4B26187F7C1B007AFFA3 /* Sources */ = {
			isa = PBXSourcesBuildPhase;
			buildActionMask = 2147483647;
			files = (
				7A5A4B38187F7C1B007AFFA3 /* Looking_DownTests.m in Sources */,
			);
			runOnlyForDeploymentPostprocessing = 0;
		};
/* End PBXSourcesBuildPhase section */

/* Begin PBXTargetDependency section */
		7A5A4B30187F7C1B007AFFA3 /* PBXTargetDependency */ = {
			isa = PBXTargetDependency;
			target = 7A5A4B08187F7C1B007AFFA3 /* Looking Down */;
			targetProxy = 7A5A4B2F187F7C1B007AFFA3 /* PBXContainerItemProxy */;
		};
/* End PBXTargetDependency section */

/* Begin PBXVariantGroup section */
		7A5A4B15187F7C1B007AFFA3 /* InfoPlist.strings */ = {
			isa = PBXVariantGroup;
			children = (
				7A5A4B16187F7C1B007AFFA3 /* en */,
			);
			name = InfoPlist.strings;
			sourceTree = "<group>";
		};
		7A5A4B1E187F7C1B007AFFA3 /* Main.storyboard */ = {
			isa = PBXVariantGroup;
			children = (
				7A5A4B1F187F7C1B007AFFA3 /* Base */,
			);
			name = Main.storyboard;
			sourceTree = "<group>";
		};
		7A5A4B34187F7C1B007AFFA3 /* InfoPlist.strings */ = {
			isa = PBXVariantGroup;
			children = (
				7A5A4B35187F7C1B007AFFA3 /* en */,
			);
			name = InfoPlist.strings;
			sourceTree = "<group>";
		};
/* End PBXVariantGroup section */

/* Begin XCBuildConfiguration section */
		7A5A4B39187F7C1B007AFFA3 /* Debug */ = {
			isa = XCBuildConfiguration;
			buildSettings = {
				ALWAYS_SEARCH_USER_PATHS = NO;
				ARCHS = "$(ARCHS_STANDARD_INCLUDING_64_BIT)";
				CLANG_CXX_LANGUAGE_STANDARD = "gnu++0x";
				CLANG_CXX_LIBRARY = "libc++";
				CLANG_ENABLE_MODULES = YES;
				CLANG_ENABLE_OBJC_ARC = YES;
				CLANG_WARN_BOOL_CONVERSION = YES;
				CLANG_WARN_CONSTANT_CONVERSION = YES;
				CLANG_WARN_DIRECT_OBJC_ISA_USAGE = YES_ERROR;
				CLANG_WARN_EMPTY_BODY = YES;
				CLANG_WARN_ENUM_CONVERSION = YES;
				CLANG_WARN_INT_CONVERSION = YES;
				CLANG_WARN_OBJC_ROOT_CLASS = YES_ERROR;
				CLANG_WARN__DUPLICATE_METHOD_MATCH = YES;
				"CODE_SIGN_IDENTITY[sdk=iphoneos*]" = "iPhone Developer";
				COPY_PHASE_STRIP = NO;
				GCC_C_LANGUAGE_STANDARD = gnu99;
				GCC_DYNAMIC_NO_PIC = NO;
				GCC_OPTIMIZATION_LEVEL = 0;
				GCC_PREPROCESSOR_DEFINITIONS = (
					"DEBUG=1",
					"$(inherited)",
				);
				GCC_SYMBOLS_PRIVATE_EXTERN = NO;
				GCC_WARN_64_TO_32_BIT_CONVERSION = YES;
				GCC_WARN_ABOUT_RETURN_TYPE = YES_ERROR;
				GCC_WARN_UNDECLARED_SELECTOR = YES;
				GCC_WARN_UNINITIALIZED_AUTOS = YES;
				GCC_WARN_UNUSED_FUNCTION = YES;
				GCC_WARN_UNUSED_VARIABLE = YES;
				IPHONEOS_DEPLOYMENT_TARGET = 7.0;
				ONLY_ACTIVE_ARCH = YES;
				SDKROOT = iphoneos;
			};
			name = Debug;
		};
		7A5A4B3A187F7C1B007AFFA3 /* Release */ = {
			isa = XCBuildConfiguration;
			buildSettings = {
				ALWAYS_SEARCH_USER_PATHS = NO;
				ARCHS = "$(ARCHS_STANDARD_INCLUDING_64_BIT)";
				CLANG_CXX_LANGUAGE_STANDARD = "gnu++0x";
				CLANG_CXX_LIBRARY = "libc++";
				CLANG_ENABLE_MODULES = YES;
				CLANG_ENABLE_OBJC_ARC = YES;
				CLANG_WARN_BOOL_CONVERSION = YES;
				CLANG_WARN_CONSTANT_CONVERSION = YES;
				CLANG_WARN_DIRECT_OBJC_ISA_USAGE = YES_ERROR;
				CLANG_WARN_EMPTY_BODY = YES;
				CLANG_WARN_ENUM_CONVERSION = YES;
				CLANG_WARN_INT_CONVERSION = YES;
				CLANG_WARN_OBJC_ROOT_CLASS = YES_ERROR;
				CLANG_WARN__DUPLICATE_METHOD_MATCH = YES;
				"CODE_SIGN_IDENTITY[sdk=iphoneos*]" = "iPhone Developer";
				COPY_PHASE_STRIP = YES;
				ENABLE_NS_ASSERTIONS = NO;
				GCC_C_LANGUAGE_STANDARD = gnu99;
				GCC_WARN_64_TO_32_BIT_CONVERSION = YES;
				GCC_WARN_ABOUT_RETURN_TYPE = YES_ERROR;
				GCC_WARN_UNDECLARED_SELECTOR = YES;
				GCC_WARN_UNINITIALIZED_AUTOS = YES;
				GCC_WARN_UNUSED_FUNCTION = YES;
				GCC_WARN_UNUSED_VARIABLE = YES;
				IPHONEOS_DEPLOYMENT_TARGET = 7.0;
				SDKROOT = iphoneos;
				VALIDATE_PRODUCT = YES;
			};
			name = Release;
		};
		7A5A4B3C187F7C1B007AFFA3 /* Debug */ = {
			isa = XCBuildConfiguration;
			baseConfigurationReference = 15B74E91F3B44207A4D1CC97 /* Pods.xcconfig */;
			buildSettings = {
				ASSETCATALOG_COMPILER_APPICON_NAME = AppIcon;
				ASSETCATALOG_COMPILER_LAUNCHIMAGE_NAME = LaunchImage;
				CODE_SIGN_IDENTITY = "iPhone Developer";
				"CODE_SIGN_IDENTITY[sdk=iphoneos*]" = "iPhone Developer";
				FRAMEWORK_SEARCH_PATHS = (
					"$(inherited)",
					/Users/Hephaestus/apps/downloaded_libs/iOS,
					"/Users/Hephaestus/apps/lookingDown/lookingDown-iOS",
				);
				GCC_PRECOMPILE_PREFIX_HEADER = YES;
				GCC_PREFIX_HEADER = "Looking Down/Looking Down-Prefix.pch";
				INFOPLIST_FILE = "Looking Down/Looking Down-Info.plist";
				OTHER_LDFLAGS = (
					"-framework",
					CoreGraphics,
				);
				PRODUCT_NAME = "$(TARGET_NAME)";
				PROVISIONING_PROFILE = "";
				WRAPPER_EXTENSION = app;
			};
			name = Debug;
		};
		7A5A4B3D187F7C1B007AFFA3 /* Release */ = {
			isa = XCBuildConfiguration;
			baseConfigurationReference = 15B74E91F3B44207A4D1CC97 /* Pods.xcconfig */;
			buildSettings = {
				ASSETCATALOG_COMPILER_APPICON_NAME = AppIcon;
				ASSETCATALOG_COMPILER_LAUNCHIMAGE_NAME = LaunchImage;
				CODE_SIGN_IDENTITY = "iPhone Developer";
				"CODE_SIGN_IDENTITY[sdk=iphoneos*]" = "iPhone Developer";
				FRAMEWORK_SEARCH_PATHS = (
					"$(inherited)",
					/Users/Hephaestus/apps/downloaded_libs/iOS,
					"/Users/Hephaestus/apps/lookingDown/lookingDown-iOS",
				);
				GCC_PRECOMPILE_PREFIX_HEADER = YES;
				GCC_PREFIX_HEADER = "Looking Down/Looking Down-Prefix.pch";
				INFOPLIST_FILE = "Looking Down/Looking Down-Info.plist";
				OTHER_LDFLAGS = (
					"-framework",
					CoreGraphics,
				);
				PRODUCT_NAME = "$(TARGET_NAME)";
				PROVISIONING_PROFILE = "";
				WRAPPER_EXTENSION = app;
			};
			name = Release;
		};
		7A5A4B3F187F7C1B007AFFA3 /* Debug */ = {
			isa = XCBuildConfiguration;
			buildSettings = {
				ARCHS = "$(ARCHS_STANDARD_INCLUDING_64_BIT)";
				BUNDLE_LOADER = "$(BUILT_PRODUCTS_DIR)/Looking Down.app/Looking Down";
				FRAMEWORK_SEARCH_PATHS = (
					"$(SDKROOT)/Developer/Library/Frameworks",
					"$(inherited)",
					"$(DEVELOPER_FRAMEWORKS_DIR)",
				);
				GCC_PRECOMPILE_PREFIX_HEADER = YES;
				GCC_PREFIX_HEADER = "Looking Down/Looking Down-Prefix.pch";
				GCC_PREPROCESSOR_DEFINITIONS = (
					"DEBUG=1",
					"$(inherited)",
				);
				INFOPLIST_FILE = "Looking DownTests/Looking DownTests-Info.plist";
				PRODUCT_NAME = "$(TARGET_NAME)";
				TEST_HOST = "$(BUNDLE_LOADER)";
				WRAPPER_EXTENSION = xctest;
			};
			name = Debug;
		};
		7A5A4B40187F7C1B007AFFA3 /* Release */ = {
			isa = XCBuildConfiguration;
			buildSettings = {
				ARCHS = "$(ARCHS_STANDARD_INCLUDING_64_BIT)";
				BUNDLE_LOADER = "$(BUILT_PRODUCTS_DIR)/Looking Down.app/Looking Down";
				FRAMEWORK_SEARCH_PATHS = (
					"$(SDKROOT)/Developer/Library/Frameworks",
					"$(inherited)",
					"$(DEVELOPER_FRAMEWORKS_DIR)",
				);
				GCC_PRECOMPILE_PREFIX_HEADER = YES;
				GCC_PREFIX_HEADER = "Looking Down/Looking Down-Prefix.pch";
				INFOPLIST_FILE = "Looking DownTests/Looking DownTests-Info.plist";
				PRODUCT_NAME = "$(TARGET_NAME)";
				TEST_HOST = "$(BUNDLE_LOADER)";
				WRAPPER_EXTENSION = xctest;
			};
			name = Release;
		};
/* End XCBuildConfiguration section */

/* Begin XCConfigurationList section */
		7A5A4B04187F7C1B007AFFA3 /* Build configuration list for PBXProject "Looking Down" */ = {
			isa = XCConfigurationList;
			buildConfigurations = (
				7A5A4B39187F7C1B007AFFA3 /* Debug */,
				7A5A4B3A187F7C1B007AFFA3 /* Release */,
			);
			defaultConfigurationIsVisible = 0;
			defaultConfigurationName = Release;
		};
		7A5A4B3B187F7C1B007AFFA3 /* Build configuration list for PBXNativeTarget "Looking Down" */ = {
			isa = XCConfigurationList;
			buildConfigurations = (
				7A5A4B3C187F7C1B007AFFA3 /* Debug */,
				7A5A4B3D187F7C1B007AFFA3 /* Release */,
			);
			defaultConfigurationIsVisible = 0;
			defaultConfigurationName = Release;
		};
		7A5A4B3E187F7C1B007AFFA3 /* Build configuration list for PBXNativeTarget "Looking DownTests" */ = {
			isa = XCConfigurationList;
			buildConfigurations = (
				7A5A4B3F187F7C1B007AFFA3 /* Debug */,
				7A5A4B40187F7C1B007AFFA3 /* Release */,
			);
			defaultConfigurationIsVisible = 0;
			defaultConfigurationName = Release;
		};
/* End XCConfigurationList section */
	};
	rootObject = 7A5A4B01187F7C1B007AFFA3 /* Project object */;
}
